
Microsoft Visual Studio Solution File, Format Version 12.00
# Visual Studio Version 17
VisualStudioVersion = 17.5.33502.453
MinimumVisualStudioVersion = 10.0.40219.1
Project("{D2ABAB84-BF74-430A-B69E-9DC6D40DDA17}") = "kostkaProjekt", "kostkaProjekt\kostkaProjekt.dwproj", "{6296030A-5409-42B2-879D-E3FC2AAA1533}"
EndProject
Global
	GlobalSection(SolutionConfigurationPlatforms) = preSolution
		Development|Default = Development|Default
	EndGlobalSection
	GlobalSection(ProjectConfigurationPlatforms) = postSolution
		{6296030A-5409-42B2-879D-E3FC2AAA1533}.Development|Default.ActiveCfg = Development
		{6296030A-5409-42B2-879D-E3FC2AAA1533}.Development|Default.Build.0 = Development
		{6296030A-5409-42B2-879D-E3FC2AAA1533}.Development|Default.Deploy.0 = Development
	EndGlobalSection
	GlobalSection(SolutionProperties) = preSolution
		HideSolutionNode = FALSE
	EndGlobalSection
	GlobalSection(ExtensibilityGlobals) = postSolution
		SolutionGuid = {8CBEE7CE-F8BC-4503-AB80-346E7B3192BB}
	EndGlobalSection
EndGlobal
